
Microsoft Visual Studio Solution File, Format Version 12.00
# Visual Studio Version 16
VisualStudioVersion = 16.0.29509.3
MinimumVisualStudioVersion = 10.0.40219.1
Project("{FAE04EC0-301F-11D3-BF4B-00C04F79EFBC}") = "Task00", "Task00\Task00.csproj", "{F8CC37A0-5DD4-4B71-AA6B-F1A0539811D7}"
EndProject
Project("{FAE04EC0-301F-11D3-BF4B-00C04F79EFBC}") = "Task01", "Task01\Task01.csproj", "{BEFFCC86-620B-4F49-B71D-659CC03B2B62}"
EndProject
Project("{FAE04EC0-301F-11D3-BF4B-00C04F79EFBC}") = "Task02", "Task02\Task02.csproj", "{099420F1-91AC-49E3-B3B3-92F6F28C6BE8}"
EndProject
Project("{FAE04EC0-301F-11D3-BF4B-00C04F79EFBC}") = "Task03", "Task03\Task03.csproj", "{CC9B864A-935F-48F0-85E7-EEA96942D15E}"
EndProject
Project("{FAE04EC0-301F-11D3-BF4B-00C04F79EFBC}") = "Task04", "Task04\Task04.csproj", "{4677C990-BADA-4CC1-B92D-242BB998B5E7}"
EndProject
Project("{FAE04EC0-301F-11D3-BF4B-00C04F79EFBC}") = "Task05", "Task05\Task05.csproj", "{67823DBD-C601-44E0-BFA8-0E842C748F91}"
EndProject
Project("{FAE04EC0-301F-11D3-BF4B-00C04F79EFBC}") = "Task07", "Task07\Task07.csproj", "{9D9C7BB9-6360-4BE4-85E8-B69BA7E5FA16}"
EndProject
Project("{FAE04EC0-301F-11D3-BF4B-00C04F79EFBC}") = "Task06.BLL", "Task06.BLL\Task06.BLL.csproj", "{B3FEB732-6376-47EA-AC85-B3F9FA3E4184}"
EndProject
Project("{FAE04EC0-301F-11D3-BF4B-00C04F79EFBC}") = "Task06.DAL", "Task06.DAL\Task06.DAL.csproj", "{EE5D717E-DB47-434B-82CB-69179ADDC8A0}"
EndProject
Project("{FAE04EC0-301F-11D3-BF4B-00C04F79EFBC}") = "Task06.PL", "Task06.PL\Task06.PL.csproj", "{CD61C63C-FB14-41DD-865E-DDE04065348A}"
EndProject
Project("{9A19103F-16F7-4668-BE54-9A1E7A4F7556}") = "Task06.Entities", "Task06.Entities\Task06.Entities.csproj", "{83782AD9-D884-4849-93D7-3D4FD5B4BA49}"
EndProject
Project("{2150E333-8FDC-42A3-9474-1A3956D46DE8}") = "Task06", "Task06", "{D0AE8DCE-0194-419B-8575-5976263F8851}"
EndProject
Project("{2150E333-8FDC-42A3-9474-1A3956D46DE8}") = "BLL", "BLL", "{C432DAAC-D09A-4539-98C8-4D7F10BEE8FB}"
EndProject
Project("{2150E333-8FDC-42A3-9474-1A3956D46DE8}") = "DAL", "DAL", "{FFF37AAC-FB0A-4F2D-ACA3-B37DE94DDD1A}"
EndProject
Project("{2150E333-8FDC-42A3-9474-1A3956D46DE8}") = "PL", "PL", "{69DB3633-4C39-42B0-96FE-2AC3346A8673}"
EndProject
Project("{FAE04EC0-301F-11D3-BF4B-00C04F79EFBC}") = "Task06.DAL.Interfaces", "Task06.DAL.Interfaces\Task06.DAL.Interfaces.csproj", "{73ADDD7D-D91E-4F5F-9BC4-F5AC340CC4D8}"
EndProject
Project("{FAE04EC0-301F-11D3-BF4B-00C04F79EFBC}") = "Task06.BLL.Interfaces", "Task06.BLL.Interfaces\Task06.BLL.Interfaces.csproj", "{BE26F879-805B-4FE1-A43B-C577B4523CD8}"
EndProject
Project("{2150E333-8FDC-42A3-9474-1A3956D46DE8}") = "Common", "Common", "{55BC7B07-20B1-49CF-ACEA-CECD92436874}"
EndProject
Global
	GlobalSection(SolutionConfigurationPlatforms) = preSolution
		Debug|Any CPU = Debug|Any CPU
		Release|Any CPU = Release|Any CPU
	EndGlobalSection
	GlobalSection(ProjectConfigurationPlatforms) = postSolution
		{F8CC37A0-5DD4-4B71-AA6B-F1A0539811D7}.Debug|Any CPU.ActiveCfg = Debug|Any CPU
		{F8CC37A0-5DD4-4B71-AA6B-F1A0539811D7}.Debug|Any CPU.Build.0 = Debug|Any CPU
		{F8CC37A0-5DD4-4B71-AA6B-F1A0539811D7}.Release|Any CPU.ActiveCfg = Release|Any CPU
		{F8CC37A0-5DD4-4B71-AA6B-F1A0539811D7}.Release|Any CPU.Build.0 = Release|Any CPU
		{BEFFCC86-620B-4F49-B71D-659CC03B2B62}.Debug|Any CPU.ActiveCfg = Debug|Any CPU
		{BEFFCC86-620B-4F49-B71D-659CC03B2B62}.Debug|Any CPU.Build.0 = Debug|Any CPU
		{BEFFCC86-620B-4F49-B71D-659CC03B2B62}.Release|Any CPU.ActiveCfg = Release|Any CPU
		{BEFFCC86-620B-4F49-B71D-659CC03B2B62}.Release|Any CPU.Build.0 = Release|Any CPU
		{099420F1-91AC-49E3-B3B3-92F6F28C6BE8}.Debug|Any CPU.ActiveCfg = Debug|Any CPU
		{099420F1-91AC-49E3-B3B3-92F6F28C6BE8}.Debug|Any CPU.Build.0 = Debug|Any CPU
		{099420F1-91AC-49E3-B3B3-92F6F28C6BE8}.Release|Any CPU.ActiveCfg = Release|Any CPU
		{099420F1-91AC-49E3-B3B3-92F6F28C6BE8}.Release|Any CPU.Build.0 = Release|Any CPU
		{CC9B864A-935F-48F0-85E7-EEA96942D15E}.Debug|Any CPU.ActiveCfg = Debug|Any CPU
		{CC9B864A-935F-48F0-85E7-EEA96942D15E}.Debug|Any CPU.Build.0 = Debug|Any CPU
		{CC9B864A-935F-48F0-85E7-EEA96942D15E}.Release|Any CPU.ActiveCfg = Release|Any CPU
		{CC9B864A-935F-48F0-85E7-EEA96942D15E}.Release|Any CPU.Build.0 = Release|Any CPU
		{4677C990-BADA-4CC1-B92D-242BB998B5E7}.Debug|Any CPU.ActiveCfg = Debug|Any CPU
		{4677C990-BADA-4CC1-B92D-242BB998B5E7}.Debug|Any CPU.Build.0 = Debug|Any CPU
		{4677C990-BADA-4CC1-B92D-242BB998B5E7}.Release|Any CPU.ActiveCfg = Release|Any CPU
		{4677C990-BADA-4CC1-B92D-242BB998B5E7}.Release|Any CPU.Build.0 = Release|Any CPU
		{67823DBD-C601-44E0-BFA8-0E842C748F91}.Debug|Any CPU.ActiveCfg = Debug|Any CPU
		{67823DBD-C601-44E0-BFA8-0E842C748F91}.Debug|Any CPU.Build.0 = Debug|Any CPU
		{67823DBD-C601-44E0-BFA8-0E842C748F91}.Release|Any CPU.ActiveCfg = Release|Any CPU
		{67823DBD-C601-44E0-BFA8-0E842C748F91}.Release|Any CPU.Build.0 = Release|Any CPU
		{9D9C7BB9-6360-4BE4-85E8-B69BA7E5FA16}.Debug|Any CPU.ActiveCfg = Debug|Any CPU
		{9D9C7BB9-6360-4BE4-85E8-B69BA7E5FA16}.Debug|Any CPU.Build.0 = Debug|Any CPU
		{9D9C7BB9-6360-4BE4-85E8-B69BA7E5FA16}.Release|Any CPU.ActiveCfg = Release|Any CPU
		{9D9C7BB9-6360-4BE4-85E8-B69BA7E5FA16}.Release|Any CPU.Build.0 = Release|Any CPU
		{B3FEB732-6376-47EA-AC85-B3F9FA3E4184}.Debug|Any CPU.ActiveCfg = Debug|Any CPU
		{B3FEB732-6376-47EA-AC85-B3F9FA3E4184}.Debug|Any CPU.Build.0 = Debug|Any CPU
		{B3FEB732-6376-47EA-AC85-B3F9FA3E4184}.Release|Any CPU.ActiveCfg = Release|Any CPU
		{B3FEB732-6376-47EA-AC85-B3F9FA3E4184}.Release|Any CPU.Build.0 = Release|Any CPU
		{EE5D717E-DB47-434B-82CB-69179ADDC8A0}.Debug|Any CPU.ActiveCfg = Debug|Any CPU
		{EE5D717E-DB47-434B-82CB-69179ADDC8A0}.Debug|Any CPU.Build.0 = Debug|Any CPU
		{EE5D717E-DB47-434B-82CB-69179ADDC8A0}.Release|Any CPU.ActiveCfg = Release|Any CPU
		{EE5D717E-DB47-434B-82CB-69179ADDC8A0}.Release|Any CPU.Build.0 = Release|Any CPU
		{CD61C63C-FB14-41DD-865E-DDE04065348A}.Debug|Any CPU.ActiveCfg = Debug|Any CPU
		{CD61C63C-FB14-41DD-865E-DDE04065348A}.Debug|Any CPU.Build.0 = Debug|Any CPU
		{CD61C63C-FB14-41DD-865E-DDE04065348A}.Release|Any CPU.ActiveCfg = Release|Any CPU
		{CD61C63C-FB14-41DD-865E-DDE04065348A}.Release|Any CPU.Build.0 = Release|Any CPU
		{83782AD9-D884-4849-93D7-3D4FD5B4BA49}.Debug|Any CPU.ActiveCfg = Debug|Any CPU
		{83782AD9-D884-4849-93D7-3D4FD5B4BA49}.Debug|Any CPU.Build.0 = Debug|Any CPU
		{83782AD9-D884-4849-93D7-3D4FD5B4BA49}.Release|Any CPU.ActiveCfg = Release|Any CPU
		{83782AD9-D884-4849-93D7-3D4FD5B4BA49}.Release|Any CPU.Build.0 = Release|Any CPU
		{73ADDD7D-D91E-4F5F-9BC4-F5AC340CC4D8}.Debug|Any CPU.ActiveCfg = Debug|Any CPU
		{73ADDD7D-D91E-4F5F-9BC4-F5AC340CC4D8}.Debug|Any CPU.Build.0 = Debug|Any CPU
		{73ADDD7D-D91E-4F5F-9BC4-F5AC340CC4D8}.Release|Any CPU.ActiveCfg = Release|Any CPU
		{73ADDD7D-D91E-4F5F-9BC4-F5AC340CC4D8}.Release|Any CPU.Build.0 = Release|Any CPU
		{BE26F879-805B-4FE1-A43B-C577B4523CD8}.Debug|Any CPU.ActiveCfg = Debug|Any CPU
		{BE26F879-805B-4FE1-A43B-C577B4523CD8}.Debug|Any CPU.Build.0 = Debug|Any CPU
		{BE26F879-805B-4FE1-A43B-C577B4523CD8}.Release|Any CPU.ActiveCfg = Release|Any CPU
		{BE26F879-805B-4FE1-A43B-C577B4523CD8}.Release|Any CPU.Build.0 = Release|Any CPU
	EndGlobalSection
	GlobalSection(SolutionProperties) = preSolution
		HideSolutionNode = FALSE
	EndGlobalSection
	GlobalSection(NestedProjects) = preSolution
		{B3FEB732-6376-47EA-AC85-B3F9FA3E4184} = {C432DAAC-D09A-4539-98C8-4D7F10BEE8FB}
		{EE5D717E-DB47-434B-82CB-69179ADDC8A0} = {FFF37AAC-FB0A-4F2D-ACA3-B37DE94DDD1A}
		{CD61C63C-FB14-41DD-865E-DDE04065348A} = {69DB3633-4C39-42B0-96FE-2AC3346A8673}
		{83782AD9-D884-4849-93D7-3D4FD5B4BA49} = {55BC7B07-20B1-49CF-ACEA-CECD92436874}
		{C432DAAC-D09A-4539-98C8-4D7F10BEE8FB} = {D0AE8DCE-0194-419B-8575-5976263F8851}
		{FFF37AAC-FB0A-4F2D-ACA3-B37DE94DDD1A} = {D0AE8DCE-0194-419B-8575-5976263F8851}
		{69DB3633-4C39-42B0-96FE-2AC3346A8673} = {D0AE8DCE-0194-419B-8575-5976263F8851}
		{73ADDD7D-D91E-4F5F-9BC4-F5AC340CC4D8} = {FFF37AAC-FB0A-4F2D-ACA3-B37DE94DDD1A}
		{BE26F879-805B-4FE1-A43B-C577B4523CD8} = {C432DAAC-D09A-4539-98C8-4D7F10BEE8FB}
		{55BC7B07-20B1-49CF-ACEA-CECD92436874} = {D0AE8DCE-0194-419B-8575-5976263F8851}
	EndGlobalSection
	GlobalSection(ExtensibilityGlobals) = postSolution
		SolutionGuid = {936B89F3-2910-4F81-9887-394CF7F8B52A}
	EndGlobalSection
EndGlobal
